// !$*UTF8*$!
{
	archiveVersion = 1;
	classes = {
	};
	objectVersion = 56;
	objects = {

/* Begin PBXBuildFile section */
		9F2F9A692B17F003003662AF /* PokedexIIApp.swift in Sources */ = {isa = PBXBuildFile; fileRef = 9F2F9A682B17F003003662AF /* PokedexIIApp.swift */; };
		9F2F9A6B2B17F003003662AF /* ContentView.swift in Sources */ = {isa = PBXBuildFile; fileRef = 9F2F9A6A2B17F003003662AF /* ContentView.swift */; };
		9F2F9A6D2B17F003003662AF /* Assets.xcassets in Resources */ = {isa = PBXBuildFile; fileRef = 9F2F9A6C2B17F003003662AF /* Assets.xcassets */; };
		9F2F9A702B17F003003662AF /* Preview Assets.xcassets in Resources */ = {isa = PBXBuildFile; fileRef = 9F2F9A6F2B17F003003662AF /* Preview Assets.xcassets */; };
		9F2F9A7B2B17F03B003662AF /* Helpers.swift in Sources */ = {isa = PBXBuildFile; fileRef = 9F2F9A7A2B17F03B003662AF /* Helpers.swift */; };
		9F2F9A7E2B17F055003662AF /* Alamofire in Frameworks */ = {isa = PBXBuildFile; productRef = 9F2F9A7D2B17F055003662AF /* Alamofire */; };
		9F2F9A802B17F072003662AF /* PokemonModel.swift in Sources */ = {isa = PBXBuildFile; fileRef = 9F2F9A7F2B17F072003662AF /* PokemonModel.swift */; };
		9F2F9A822B17F08C003662AF /* PokemonDetailModel.swift in Sources */ = {isa = PBXBuildFile; fileRef = 9F2F9A812B17F08C003662AF /* PokemonDetailModel.swift */; };
		9F2F9A842B17F0AB003662AF /* PokemonViewModel.swift in Sources */ = {isa = PBXBuildFile; fileRef = 9F2F9A832B17F0AB003662AF /* PokemonViewModel.swift */; };
		9F2F9A882B17F0DF003662AF /* PokemonDetail.swift in Sources */ = {isa = PBXBuildFile; fileRef = 9F2F9A872B17F0DF003662AF /* PokemonDetail.swift */; };
		9F4A4AE32B1895B100C2C846 /* PokemonList.swift in Sources */ = {isa = PBXBuildFile; fileRef = 9F4A4AE22B1895B100C2C846 /* PokemonList.swift */; };
		9F517DA32B1A2B1E001BF1AC /* SDWebImage in Frameworks */ = {isa = PBXBuildFile; productRef = 9F517DA22B1A2B1E001BF1AC /* SDWebImage */; };
		9F517DA62B1A2E3C001BF1AC /* Kingfisher in Frameworks */ = {isa = PBXBuildFile; productRef = 9F517DA52B1A2E3C001BF1AC /* Kingfisher */; };
		9F517DB02B1A8EA8001BF1AC /* Extension.swift in Sources */ = {isa = PBXBuildFile; fileRef = 9F517DAF2B1A8EA8001BF1AC /* Extension.swift */; };
		9F6D4A4F2B1D2F17006CBD48 /* PokemonSplashView.swift in Sources */ = {isa = PBXBuildFile; fileRef = 9F6D4A4E2B1D2F17006CBD48 /* PokemonSplashView.swift */; };
/* End PBXBuildFile section */

/* Begin PBXFileReference section */
		9F2F9A652B17F003003662AF /* PokedexII.app */ = {isa = PBXFileReference; explicitFileType = wrapper.application; includeInIndex = 0; path = PokedexII.app; sourceTree = BUILT_PRODUCTS_DIR; };
		9F2F9A682B17F003003662AF /* PokedexIIApp.swift */ = {isa = PBXFileReference; lastKnownFileType = sourcecode.swift; path = PokedexIIApp.swift; sourceTree = "<group>"; };
		9F2F9A6A2B17F003003662AF /* ContentView.swift */ = {isa = PBXFileReference; lastKnownFileType = sourcecode.swift; path = ContentView.swift; sourceTree = "<group>"; };
		9F2F9A6C2B17F003003662AF /* Assets.xcassets */ = {isa = PBXFileReference; lastKnownFileType = folder.assetcatalog; path = Assets.xcassets; sourceTree = "<group>"; };
		9F2F9A6F2B17F003003662AF /* Preview Assets.xcassets */ = {isa = PBXFileReference; lastKnownFileType = folder.assetcatalog; path = "Preview Assets.xcassets"; sourceTree = "<group>"; };
		9F2F9A7A2B17F03B003662AF /* Helpers.swift */ = {isa = PBXFileReference; lastKnownFileType = sourcecode.swift; path = Helpers.swift; sourceTree = "<group>"; };
		9F2F9A7F2B17F072003662AF /* PokemonModel.swift */ = {isa = PBXFileReference; lastKnownFileType = sourcecode.swift; path = PokemonModel.swift; sourceTree = "<group>"; };
		9F2F9A812B17F08C003662AF /* PokemonDetailModel.swift */ = {isa = PBXFileReference; lastKnownFileType = sourcecode.swift; path = PokemonDetailModel.swift; sourceTree = "<group>"; };
		9F2F9A832B17F0AB003662AF /* PokemonViewModel.swift */ = {isa = PBXFileReference; lastKnownFileType = sourcecode.swift; path = PokemonViewModel.swift; sourceTree = "<group>"; };
		9F2F9A872B17F0DF003662AF /* PokemonDetail.swift */ = {isa = PBXFileReference; lastKnownFileType = sourcecode.swift; path = PokemonDetail.swift; sourceTree = "<group>"; };
		9F4A4AE22B1895B100C2C846 /* PokemonList.swift */ = {isa = PBXFileReference; lastKnownFileType = sourcecode.swift; path = PokemonList.swift; sourceTree = "<group>"; };
		9F517DAF2B1A8EA8001BF1AC /* Extension.swift */ = {isa = PBXFileReference; lastKnownFileType = sourcecode.swift; path = Extension.swift; sourceTree = "<group>"; };
		9F6D4A4E2B1D2F17006CBD48 /* PokemonSplashView.swift */ = {isa = PBXFileReference; lastKnownFileType = sourcecode.swift; path = PokemonSplashView.swift; sourceTree = "<group>"; };
/* End PBXFileReference section */

/* Begin PBXFrameworksBuildPhase section */
		9F2F9A622B17F003003662AF /* Frameworks */ = {
			isa = PBXFrameworksBuildPhase;
			buildActionMask = 2147483647;
			files = (
				9F517DA62B1A2E3C001BF1AC /* Kingfisher in Frameworks */,
				9F517DA32B1A2B1E001BF1AC /* SDWebImage in Frameworks */,
				9F2F9A7E2B17F055003662AF /* Alamofire in Frameworks */,
			);
			runOnlyForDeploymentPostprocessing = 0;
		};
/* End PBXFrameworksBuildPhase section */

/* Begin PBXGroup section */
		9F2F9A5C2B17F003003662AF = {
			isa = PBXGroup;
			children = (
				9F2F9A672B17F003003662AF /* PokedexII */,
				9F2F9A662B17F003003662AF /* Products */,
			);
			sourceTree = "<group>";
		};
		9F2F9A662B17F003003662AF /* Products */ = {
			isa = PBXGroup;
			children = (
				9F2F9A652B17F003003662AF /* PokedexII.app */,
			);
			name = Products;
			sourceTree = "<group>";
		};
		9F2F9A672B17F003003662AF /* PokedexII */ = {
			isa = PBXGroup;
			children = (
				9F2F9A792B17F023003662AF /* Helpers */,
				9F2F9A782B17F014003662AF /* Screens */,
				9F2F9A772B17F00E003662AF /* ViewModel */,
				9F2F9A762B17F009003662AF /* Model */,
				9F2F9A682B17F003003662AF /* PokedexIIApp.swift */,
				9F2F9A6C2B17F003003662AF /* Assets.xcassets */,
				9F2F9A6E2B17F003003662AF /* Preview Content */,
				9F6D4A4E2B1D2F17006CBD48 /* PokemonSplashView.swift */,
			);
			path = PokedexII;
			sourceTree = "<group>";
		};
		9F2F9A6E2B17F003003662AF /* Preview Content */ = {
			isa = PBXGroup;
			children = (
				9F2F9A6F2B17F003003662AF /* Preview Assets.xcassets */,
			);
			path = "Preview Content";
			sourceTree = "<group>";
		};
		9F2F9A762B17F009003662AF /* Model */ = {
			isa = PBXGroup;
			children = (
				9F2F9A7F2B17F072003662AF /* PokemonModel.swift */,
				9F2F9A812B17F08C003662AF /* PokemonDetailModel.swift */,
			);
			path = Model;
			sourceTree = "<group>";
		};
		9F2F9A772B17F00E003662AF /* ViewModel */ = {
			isa = PBXGroup;
			children = (
				9F2F9A832B17F0AB003662AF /* PokemonViewModel.swift */,
			);
			path = ViewModel;
			sourceTree = "<group>";
		};
		9F2F9A782B17F014003662AF /* Screens */ = {
			isa = PBXGroup;
			children = (
				9F2F9A6A2B17F003003662AF /* ContentView.swift */,
				9F2F9A872B17F0DF003662AF /* PokemonDetail.swift */,
				9F4A4AE22B1895B100C2C846 /* PokemonList.swift */,
			);
			path = Screens;
			sourceTree = "<group>";
		};
		9F2F9A792B17F023003662AF /* Helpers */ = {
			isa = PBXGroup;
			children = (
				9F2F9A7A2B17F03B003662AF /* Helpers.swift */,
				9F517DAF2B1A8EA8001BF1AC /* Extension.swift */,
			);
			path = Helpers;
			sourceTree = "<group>";
		};
/* End PBXGroup section */

/* Begin PBXNativeTarget section */
		9F2F9A642B17F003003662AF /* PokedexII */ = {
			isa = PBXNativeTarget;
			buildConfigurationList = 9F2F9A732B17F003003662AF /* Build configuration list for PBXNativeTarget "PokedexII" */;
			buildPhases = (
				9F2F9A612B17F003003662AF /* Sources */,
				9F2F9A622B17F003003662AF /* Frameworks */,
				9F2F9A632B17F003003662AF /* Resources */,
			);
			buildRules = (
			);
			dependencies = (
			);
			name = PokedexII;
			packageProductDependencies = (
				9F2F9A7D2B17F055003662AF /* Alamofire */,
				9F517DA22B1A2B1E001BF1AC /* SDWebImage */,
				9F517DA52B1A2E3C001BF1AC /* Kingfisher */,
			);
			productName = PokedexII;
			productReference = 9F2F9A652B17F003003662AF /* PokedexII.app */;
			productType = "com.apple.product-type.application";
		};
/* End PBXNativeTarget section */

/* Begin PBXProject section */
		9F2F9A5D2B17F003003662AF /* Project object */ = {
			isa = PBXProject;
			attributes = {
				BuildIndependentTargetsInParallel = 1;
				LastSwiftUpdateCheck = 1420;
				LastUpgradeCheck = 1420;
				TargetAttributes = {
					9F2F9A642B17F003003662AF = {
						CreatedOnToolsVersion = 14.2;
					};
				};
			};
			buildConfigurationList = 9F2F9A602B17F003003662AF /* Build configuration list for PBXProject "PokedexII" */;
			compatibilityVersion = "Xcode 14.0";
			developmentRegion = en;
			hasScannedForEncodings = 0;
			knownRegions = (
				en,
				Base,
			);
			mainGroup = 9F2F9A5C2B17F003003662AF;
			packageReferences = (
				9F2F9A7C2B17F055003662AF /* XCRemoteSwiftPackageReference "Alamofire" */,
				9F517DA12B1A2B1E001BF1AC /* XCRemoteSwiftPackageReference "SDWebImage" */,
				9F517DA42B1A2E3C001BF1AC /* XCRemoteSwiftPackageReference "Kingfisher" */,
			);
			productRefGroup = 9F2F9A662B17F003003662AF /* Products */;
			projectDirPath = "";
			projectRoot = "";
			targets = (
				9F2F9A642B17F003003662AF /* PokedexII */,
			);
		};
/* End PBXProject section */

/* Begin PBXResourcesBuildPhase section */
		9F2F9A632B17F003003662AF /* Resources */ = {
			isa = PBXResourcesBuildPhase;
			buildActionMask = 2147483647;
			files = (
				9F2F9A702B17F003003662AF /* Preview Assets.xcassets in Resources */,
				9F2F9A6D2B17F003003662AF /* Assets.xcassets in Resources */,
			);
			runOnlyForDeploymentPostprocessing = 0;
		};
/* End PBXResourcesBuildPhase section */

/* Begin PBXSourcesBuildPhase section */
		9F2F9A612B17F003003662AF /* Sources */ = {
			isa = PBXSourcesBuildPhase;
			buildActionMask = 2147483647;
			files = (
				9F6D4A4F2B1D2F17006CBD48 /* PokemonSplashView.swift in Sources */,
				9F2F9A6B2B17F003003662AF /* ContentView.swift in Sources */,
				9F4A4AE32B1895B100C2C846 /* PokemonList.swift in Sources */,
				9F2F9A7B2B17F03B003662AF /* Helpers.swift in Sources */,
				9F2F9A882B17F0DF003662AF /* PokemonDetail.swift in Sources */,
				9F517DB02B1A8EA8001BF1AC /* Extension.swift in Sources */,
				9F2F9A842B17F0AB003662AF /* PokemonViewModel.swift in Sources */,
				9F2F9A692B17F003003662AF /* PokedexIIApp.swift in Sources */,
				9F2F9A802B17F072003662AF /* PokemonModel.swift in Sources */,
				9F2F9A822B17F08C003662AF /* PokemonDetailModel.swift in Sources */,
			);
			runOnlyForDeploymentPostprocessing = 0;
		};
/* End PBXSourcesBuildPhase section */

/* Begin XCBuildConfiguration section */
		9F2F9A712B17F003003662AF /* Debug */ = {
			isa = XCBuildConfiguration;
			buildSettings = {
				ALWAYS_SEARCH_USER_PATHS = NO;
				CLANG_ANALYZER_NONNULL = YES;
				CLANG_ANALYZER_NUMBER_OBJECT_CONVERSION = YES_AGGRESSIVE;
				CLANG_CXX_LANGUAGE_STANDARD = "gnu++20";
				CLANG_ENABLE_MODULES = YES;
				CLANG_ENABLE_OBJC_ARC = YES;
				CLANG_ENABLE_OBJC_WEAK = YES;
				CLANG_WARN_BLOCK_CAPTURE_AUTORELEASING = YES;
				CLANG_WARN_BOOL_CONVERSION = YES;
				CLANG_WARN_COMMA = YES;
				CLANG_WARN_CONSTANT_CONVERSION = YES;
				CLANG_WARN_DEPRECATED_OBJC_IMPLEMENTATIONS = YES;
				CLANG_WARN_DIRECT_OBJC_ISA_USAGE = YES_ERROR;
				CLANG_WARN_DOCUMENTATION_COMMENTS = YES;
				CLANG_WARN_EMPTY_BODY = YES;
				CLANG_WARN_ENUM_CONVERSION = YES;
				CLANG_WARN_INFINITE_RECURSION = YES;
				CLANG_WARN_INT_CONVERSION = YES;
				CLANG_WARN_NON_LITERAL_NULL_CONVERSION = YES;
				CLANG_WARN_OBJC_IMPLICIT_RETAIN_SELF = YES;
				CLANG_WARN_OBJC_LITERAL_CONVERSION = YES;
				CLANG_WARN_OBJC_ROOT_CLASS = YES_ERROR;
				CLANG_WARN_QUOTED_INCLUDE_IN_FRAMEWORK_HEADER = YES;
				CLANG_WARN_RANGE_LOOP_ANALYSIS = YES;
				CLANG_WARN_STRICT_PROTOTYPES = YES;
				CLANG_WARN_SUSPICIOUS_MOVE = YES;
				CLANG_WARN_UNGUARDED_AVAILABILITY = YES_AGGRESSIVE;
				CLANG_WARN_UNREACHABLE_CODE = YES;
				CLANG_WARN__DUPLICATE_METHOD_MATCH = YES;
				COPY_PHASE_STRIP = NO;
				DEBUG_INFORMATION_FORMAT = dwarf;
				ENABLE_STRICT_OBJC_MSGSEND = YES;
				ENABLE_TESTABILITY = YES;
				GCC_C_LANGUAGE_STANDARD = gnu11;
				GCC_DYNAMIC_NO_PIC = NO;
				GCC_NO_COMMON_BLOCKS = YES;
				GCC_OPTIMIZATION_LEVEL = 0;
				GCC_PREPROCESSOR_DEFINITIONS = (
					"DEBUG=1",
					"$(inherited)",
				);
				GCC_WARN_64_TO_32_BIT_CONVERSION = YES;
				GCC_WARN_ABOUT_RETURN_TYPE = YES_ERROR;
				GCC_WARN_UNDECLARED_SELECTOR = YES;
				GCC_WARN_UNINITIALIZED_AUTOS = YES_AGGRESSIVE;
				GCC_WARN_UNUSED_FUNCTION = YES;
				GCC_WARN_UNUSED_VARIABLE = YES;
				IPHONEOS_DEPLOYMENT_TARGET = 16.2;
				MTL_ENABLE_DEBUG_INFO = INCLUDE_SOURCE;
				MTL_FAST_MATH = YES;
				ONLY_ACTIVE_ARCH = YES;
				SDKROOT = iphoneos;
				SWIFT_ACTIVE_COMPILATION_CONDITIONS = DEBUG;
				SWIFT_OPTIMIZATION_LEVEL = "-Onone";
			};
			name = Debug;
		};
		9F2F9A722B17F003003662AF /* Release */ = {
			isa = XCBuildConfiguration;
			buildSettings = {
				ALWAYS_SEARCH_USER_PATHS = NO;
				CLANG_ANALYZER_NONNULL = YES;
				CLANG_ANALYZER_NUMBER_OBJECT_CONVERSION = YES_AGGRESSIVE;
				CLANG_CXX_LANGUAGE_STANDARD = "gnu++20";
				CLANG_ENABLE_MODULES = YES;
				CLANG_ENABLE_OBJC_ARC = YES;
				CLANG_ENABLE_OBJC_WEAK = YES;
				CLANG_WARN_BLOCK_CAPTURE_AUTORELEASING = YES;
				CLANG_WARN_BOOL_CONVERSION = YES;
				CLANG_WARN_COMMA = YES;
				CLANG_WARN_CONSTANT_CONVERSION = YES;
				CLANG_WARN_DEPRECATED_OBJC_IMPLEMENTATIONS = YES;
				CLANG_WARN_DIRECT_OBJC_ISA_USAGE = YES_ERROR;
				CLANG_WARN_DOCUMENTATION_COMMENTS = YES;
				CLANG_WARN_EMPTY_BODY = YES;
				CLANG_WARN_ENUM_CONVERSION = YES;
				CLANG_WARN_INFINITE_RECURSION = YES;
				CLANG_WARN_INT_CONVERSION = YES;
				CLANG_WARN_NON_LITERAL_NULL_CONVERSION = YES;
				CLANG_WARN_OBJC_IMPLICIT_RETAIN_SELF = YES;
				CLANG_WARN_OBJC_LITERAL_CONVERSION = YES;
				CLANG_WARN_OBJC_ROOT_CLASS = YES_ERROR;
				CLANG_WARN_QUOTED_INCLUDE_IN_FRAMEWORK_HEADER = YES;
				CLANG_WARN_RANGE_LOOP_ANALYSIS = YES;
				CLANG_WARN_STRICT_PROTOTYPES = YES;
				CLANG_WARN_SUSPICIOUS_MOVE = YES;
				CLANG_WARN_UNGUARDED_AVAILABILITY = YES_AGGRESSIVE;
				CLANG_WARN_UNREACHABLE_CODE = YES;
				CLANG_WARN__DUPLICATE_METHOD_MATCH = YES;
				COPY_PHASE_STRIP = NO;
				DEBUG_INFORMATION_FORMAT = "dwarf-with-dsym";
				ENABLE_NS_ASSERTIONS = NO;
				ENABLE_STRICT_OBJC_MSGSEND = YES;
				GCC_C_LANGUAGE_STANDARD = gnu11;
				GCC_NO_COMMON_BLOCKS = YES;
				GCC_WARN_64_TO_32_BIT_CONVERSION = YES;
				GCC_WARN_ABOUT_RETURN_TYPE = YES_ERROR;
				GCC_WARN_UNDECLARED_SELECTOR = YES;
				GCC_WARN_UNINITIALIZED_AUTOS = YES_AGGRESSIVE;
				GCC_WARN_UNUSED_FUNCTION = YES;
				GCC_WARN_UNUSED_VARIABLE = YES;
				IPHONEOS_DEPLOYMENT_TARGET = 16.2;
				MTL_ENABLE_DEBUG_INFO = NO;
				MTL_FAST_MATH = YES;
				SDKROOT = iphoneos;
				SWIFT_COMPILATION_MODE = wholemodule;
				SWIFT_OPTIMIZATION_LEVEL = "-O";
				VALIDATE_PRODUCT = YES;
			};
			name = Release;
		};
		9F2F9A742B17F003003662AF /* Debug */ = {
			isa = XCBuildConfiguration;
			buildSettings = {
				ASSETCATALOG_COMPILER_APPICON_NAME = AppIcon;
				ASSETCATALOG_COMPILER_GLOBAL_ACCENT_COLOR_NAME = AccentColor;
				CODE_SIGN_STYLE = Automatic;
				CURRENT_PROJECT_VERSION = 1;
				DEVELOPMENT_ASSET_PATHS = "\"PokedexII/Preview Content\"";
				DEVELOPMENT_TEAM = NMQPZAU46W;
				ENABLE_PREVIEWS = YES;
				GENERATE_INFOPLIST_FILE = YES;
				INFOPLIST_KEY_UIApplicationSceneManifest_Generation = YES;
				INFOPLIST_KEY_UIApplicationSupportsIndirectInputEvents = YES;
				INFOPLIST_KEY_UILaunchScreen_Generation = YES;
				INFOPLIST_KEY_UISupportedInterfaceOrientations_iPad = "UIInterfaceOrientationPortrait UIInterfaceOrientationPortraitUpsideDown UIInterfaceOrientationLandscapeLeft UIInterfaceOrientationLandscapeRight";
				INFOPLIST_KEY_UISupportedInterfaceOrientations_iPhone = "UIInterfaceOrientationPortrait UIInterfaceOrientationLandscapeLeft UIInterfaceOrientationLandscapeRight";
				LD_RUNPATH_SEARCH_PATHS = (
					"$(inherited)",
					"@executable_path/Frameworks",
				);
				MARKETING_VERSION = 1.0;
				PRODUCT_BUNDLE_IDENTIFIER = terso34.PokedexII;
				PRODUCT_NAME = "$(TARGET_NAME)";
				SWIFT_EMIT_LOC_STRINGS = YES;
				SWIFT_VERSION = 5.0;
				TARGETED_DEVICE_FAMILY = "1,2";
			};
			name = Debug;
		};
		9F2F9A752B17F003003662AF /* Release */ = {
			isa = XCBuildConfiguration;
			buildSettings = {
				ASSETCATALOG_COMPILER_APPICON_NAME = AppIcon;
				ASSETCATALOG_COMPILER_GLOBAL_ACCENT_COLOR_NAME = AccentColor;
				CODE_SIGN_STYLE = Automatic;
				CURRENT_PROJECT_VERSION = 1;
				DEVELOPMENT_ASSET_PATHS = "\"PokedexII/Preview Content\"";
				DEVELOPMENT_TEAM = NMQPZAU46W;
				ENABLE_PREVIEWS = YES;
				GENERATE_INFOPLIST_FILE = YES;
				INFOPLIST_KEY_UIApplicationSceneManifest_Generation = YES;
				INFOPLIST_KEY_UIApplicationSupportsIndirectInputEvents = YES;
				INFOPLIST_KEY_UILaunchScreen_Generation = YES;
				INFOPLIST_KEY_UISupportedInterfaceOrientations_iPad = "UIInterfaceOrientationPortrait UIInterfaceOrientationPortraitUpsideDown UIInterfaceOrientationLandscapeLeft UIInterfaceOrientationLandscapeRight";
				INFOPLIST_KEY_UISupportedInterfaceOrientations_iPhone = "UIInterfaceOrientationPortrait UIInterfaceOrientationLandscapeLeft UIInterfaceOrientationLandscapeRight";
				LD_RUNPATH_SEARCH_PATHS = (
					"$(inherited)",
					"@executable_path/Frameworks",
				);
				MARKETING_VERSION = 1.0;
				PRODUCT_BUNDLE_IDENTIFIER = terso34.PokedexII;
				PRODUCT_NAME = "$(TARGET_NAME)";
				SWIFT_EMIT_LOC_STRINGS = YES;
				SWIFT_VERSION = 5.0;
				TARGETED_DEVICE_FAMILY = "1,2";
			};
			name = Release;
		};
/* End XCBuildConfiguration section */

/* Begin XCConfigurationList section */
		9F2F9A602B17F003003662AF /* Build configuration list for PBXProject "PokedexII" */ = {
			isa = XCConfigurationList;
			buildConfigurations = (
				9F2F9A712B17F003003662AF /* Debug */,
				9F2F9A722B17F003003662AF /* Release */,
			);
			defaultConfigurationIsVisible = 0;
			defaultConfigurationName = Release;
		};
		9F2F9A732B17F003003662AF /* Build configuration list for PBXNativeTarget "PokedexII" */ = {
			isa = XCConfigurationList;
			buildConfigurations = (
				9F2F9A742B17F003003662AF /* Debug */,
				9F2F9A752B17F003003662AF /* Release */,
			);
			defaultConfigurationIsVisible = 0;
			defaultConfigurationName = Release;
		};
/* End XCConfigurationList section */

/* Begin XCRemoteSwiftPackageReference section */
		9F2F9A7C2B17F055003662AF /* XCRemoteSwiftPackageReference "Alamofire" */ = {
			isa = XCRemoteSwiftPackageReference;
			repositoryURL = "https://github.com/Alamofire/Alamofire.git";
			requirement = {
				branch = master;
				kind = branch;
			};
		};
		9F517DA12B1A2B1E001BF1AC /* XCRemoteSwiftPackageReference "SDWebImage" */ = {
			isa = XCRemoteSwiftPackageReference;
			repositoryURL = "https://github.com/SDWebImage/SDWebImage.git";
			requirement = {
				branch = master;
				kind = branch;
			};
		};
		9F517DA42B1A2E3C001BF1AC /* XCRemoteSwiftPackageReference "Kingfisher" */ = {
			isa = XCRemoteSwiftPackageReference;
			repositoryURL = "https://github.com/onevcat/Kingfisher.git";
			requirement = {
				branch = master;
				kind = branch;
			};
		};
/* End XCRemoteSwiftPackageReference section */

/* Begin XCSwiftPackageProductDependency section */
		9F2F9A7D2B17F055003662AF /* Alamofire */ = {
			isa = XCSwiftPackageProductDependency;
			package = 9F2F9A7C2B17F055003662AF /* XCRemoteSwiftPackageReference "Alamofire" */;
			productName = Alamofire;
		};
		9F517DA22B1A2B1E001BF1AC /* SDWebImage */ = {
			isa = XCSwiftPackageProductDependency;
			package = 9F517DA12B1A2B1E001BF1AC /* XCRemoteSwiftPackageReference "SDWebImage" */;
			productName = SDWebImage;
		};
		9F517DA52B1A2E3C001BF1AC /* Kingfisher */ = {
			isa = XCSwiftPackageProductDependency;
			package = 9F517DA42B1A2E3C001BF1AC /* XCRemoteSwiftPackageReference "Kingfisher" */;
			productName = Kingfisher;
		};
/* End XCSwiftPackageProductDependency section */
	};
	rootObject = 9F2F9A5D2B17F003003662AF /* Project object */;
}
